
Microsoft Visual Studio Solution File, Format Version 12.00
# Visual Studio Version 17
VisualStudioVersion = 17.11.35327.3
MinimumVisualStudioVersion = 10.0.40219.1
Project("{FAE04EC0-301F-11D3-BF4B-00C04F79EFBC}") = "Cookies", "Cookies.csproj", "{D3965AB4-D10C-434D-8862-B8880444A5BD}"
EndProject
Global
	GlobalSection(SolutionConfigurationPlatforms) = preSolution
		Debug|Any CPU = Debug|Any CPU
		Release|Any CPU = Release|Any CPU
	EndGlobalSection
	GlobalSection(ProjectConfigurationPlatforms) = postSolution
		{D3965AB4-D10C-434D-8862-B8880444A5BD}.Debug|Any CPU.ActiveCfg = Debug|Any CPU
		{D3965AB4-D10C-434D-8862-B8880444A5BD}.Debug|Any CPU.Build.0 = Debug|Any CPU
		{D3965AB4-D10C-434D-8862-B8880444A5BD}.Release|Any CPU.ActiveCfg = Release|Any CPU
		{D3965AB4-D10C-434D-8862-B8880444A5BD}.Release|Any CPU.Build.0 = Release|Any CPU
	EndGlobalSection
	GlobalSection(SolutionProperties) = preSolution
		HideSolutionNode = FALSE
	EndGlobalSection
	GlobalSection(ExtensibilityGlobals) = postSolution
		SolutionGuid = {3F59BBB9-D710-4581-A8DA-D69CFBE27FA6}
	EndGlobalSection
EndGlobal
